// !$*UTF8*$!
{
	archiveVersion = 1;
	classes = {
	};
	objectVersion = 50;
	objects = {

/* Begin PBXBuildFile section */
		A825480D2082323900E48FC8 /* AppDelegate.swift in Sources */ = {isa = PBXBuildFile; fileRef = A825480C2082323900E48FC8 /* AppDelegate.swift */; };
		A825480F2082323900E48FC8 /* ViewController.swift in Sources */ = {isa = PBXBuildFile; fileRef = A825480E2082323900E48FC8 /* ViewController.swift */; };
		A82548122082323900E48FC8 /* Main.storyboard in Resources */ = {isa = PBXBuildFile; fileRef = A82548102082323900E48FC8 /* Main.storyboard */; };
		A82548152082323900E48FC8 /* Messages___.xcdatamodeld in Sources */ = {isa = PBXBuildFile; fileRef = A82548132082323900E48FC8 /* Messages___.xcdatamodeld */; };
		A82548172082323C00E48FC8 /* Assets.xcassets in Resources */ = {isa = PBXBuildFile; fileRef = A82548162082323C00E48FC8 /* Assets.xcassets */; };
		A825481A2082323C00E48FC8 /* LaunchScreen.storyboard in Resources */ = {isa = PBXBuildFile; fileRef = A82548182082323C00E48FC8 /* LaunchScreen.storyboard */; };
		A82548252082323C00E48FC8 /* Messages___Tests.swift in Sources */ = {isa = PBXBuildFile; fileRef = A82548242082323C00E48FC8 /* Messages___Tests.swift */; };
		A82548302082323C00E48FC8 /* Messages___UITests.swift in Sources */ = {isa = PBXBuildFile; fileRef = A825482F2082323C00E48FC8 /* Messages___UITests.swift */; };
/* End PBXBuildFile section */

/* Begin PBXContainerItemProxy section */
		A82548212082323C00E48FC8 /* PBXContainerItemProxy */ = {
			isa = PBXContainerItemProxy;
			containerPortal = A82548012082323900E48FC8 /* Project object */;
			proxyType = 1;
			remoteGlobalIDString = A82548082082323900E48FC8;
			remoteInfo = Messages...;
		};
		A825482C2082323C00E48FC8 /* PBXContainerItemProxy */ = {
			isa = PBXContainerItemProxy;
			containerPortal = A82548012082323900E48FC8 /* Project object */;
			proxyType = 1;
			remoteGlobalIDString = A82548082082323900E48FC8;
			remoteInfo = Messages...;
		};
/* End PBXContainerItemProxy section */

/* Begin PBXFileReference section */
		A82548092082323900E48FC8 /* Messages....app */ = {isa = PBXFileReference; explicitFileType = wrapper.application; includeInIndex = 0; path = Messages....app; sourceTree = BUILT_PRODUCTS_DIR; };
		A825480C2082323900E48FC8 /* AppDelegate.swift */ = {isa = PBXFileReference; lastKnownFileType = sourcecode.swift; path = AppDelegate.swift; sourceTree = "<group>"; };
		A825480E2082323900E48FC8 /* ViewController.swift */ = {isa = PBXFileReference; lastKnownFileType = sourcecode.swift; path = ViewController.swift; sourceTree = "<group>"; };
		A82548112082323900E48FC8 /* Base */ = {isa = PBXFileReference; lastKnownFileType = file.storyboard; name = Base; path = Base.lproj/Main.storyboard; sourceTree = "<group>"; };
		A82548142082323900E48FC8 /* Messages___.xcdatamodel */ = {isa = PBXFileReference; lastKnownFileType = wrapper.xcdatamodel; path = "Messages___.xcdatamodel"; sourceTree = "<group>"; };
		A82548162082323C00E48FC8 /* Assets.xcassets */ = {isa = PBXFileReference; lastKnownFileType = folder.assetcatalog; path = Assets.xcassets; sourceTree = "<group>"; };
		A82548192082323C00E48FC8 /* Base */ = {isa = PBXFileReference; lastKnownFileType = file.storyboard; name = Base; path = Base.lproj/LaunchScreen.storyboard; sourceTree = "<group>"; };
		A825481B2082323C00E48FC8 /* Info.plist */ = {isa = PBXFileReference; lastKnownFileType = text.plist.xml; path = Info.plist; sourceTree = "<group>"; };
		A82548202082323C00E48FC8 /* Messages...Tests.xctest */ = {isa = PBXFileReference; explicitFileType = wrapper.cfbundle; includeInIndex = 0; path = Messages...Tests.xctest; sourceTree = BUILT_PRODUCTS_DIR; };
		A82548242082323C00E48FC8 /* Messages___Tests.swift */ = {isa = PBXFileReference; lastKnownFileType = sourcecode.swift; path = "Messages___Tests.swift"; sourceTree = "<group>"; };
		A82548262082323C00E48FC8 /* Info.plist */ = {isa = PBXFileReference; lastKnownFileType = text.plist.xml; path = Info.plist; sourceTree = "<group>"; };
		A825482B2082323C00E48FC8 /* Messages...UITests.xctest */ = {isa = PBXFileReference; explicitFileType = wrapper.cfbundle; includeInIndex = 0; path = Messages...UITests.xctest; sourceTree = BUILT_PRODUCTS_DIR; };
		A825482F2082323C00E48FC8 /* Messages___UITests.swift */ = {isa = PBXFileReference; lastKnownFileType = sourcecode.swift; path = "Messages___UITests.swift"; sourceTree = "<group>"; };
		A82548312082323C00E48FC8 /* Info.plist */ = {isa = PBXFileReference; lastKnownFileType = text.plist.xml; path = Info.plist; sourceTree = "<group>"; };
/* End PBXFileReference section */

/* Begin PBXFrameworksBuildPhase section */
		A82548062082323900E48FC8 /* Frameworks */ = {
			isa = PBXFrameworksBuildPhase;
			buildActionMask = 2147483647;
			files = (
			);
			runOnlyForDeploymentPostprocessing = 0;
		};
		A825481D2082323C00E48FC8 /* Frameworks */ = {
			isa = PBXFrameworksBuildPhase;
			buildActionMask = 2147483647;
			files = (
			);
			runOnlyForDeploymentPostprocessing = 0;
		};
		A82548282082323C00E48FC8 /* Frameworks */ = {
			isa = PBXFrameworksBuildPhase;
			buildActionMask = 2147483647;
			files = (
			);
			runOnlyForDeploymentPostprocessing = 0;
		};
/* End PBXFrameworksBuildPhase section */

/* Begin PBXGroup section */
		A82548002082323900E48FC8 = {
			isa = PBXGroup;
			children = (
				A825480B2082323900E48FC8 /* Messages... */,
				A82548232082323C00E48FC8 /* Messages...Tests */,
				A825482E2082323C00E48FC8 /* Messages...UITests */,
				A825480A2082323900E48FC8 /* Products */,
			);
			sourceTree = "<group>";
		};
		A825480A2082323900E48FC8 /* Products */ = {
			isa = PBXGroup;
			children = (
				A82548092082323900E48FC8 /* Messages....app */,
				A82548202082323C00E48FC8 /* Messages...Tests.xctest */,
				A825482B2082323C00E48FC8 /* Messages...UITests.xctest */,
			);
			name = Products;
			sourceTree = "<group>";
		};
		A825480B2082323900E48FC8 /* Messages... */ = {
			isa = PBXGroup;
			children = (
				A825480C2082323900E48FC8 /* AppDelegate.swift */,
				A825480E2082323900E48FC8 /* ViewController.swift */,
				A82548102082323900E48FC8 /* Main.storyboard */,
				A82548162082323C00E48FC8 /* Assets.xcassets */,
				A82548182082323C00E48FC8 /* LaunchScreen.storyboard */,
				A825481B2082323C00E48FC8 /* Info.plist */,
				A82548132082323900E48FC8 /* Messages___.xcdatamodeld */,
			);
			path = Messages...;
			sourceTree = "<group>";
		};
		A82548232082323C00E48FC8 /* Messages...Tests */ = {
			isa = PBXGroup;
			children = (
				A82548242082323C00E48FC8 /* Messages___Tests.swift */,
				A82548262082323C00E48FC8 /* Info.plist */,
			);
			path = Messages...Tests;
			sourceTree = "<group>";
		};
		A825482E2082323C00E48FC8 /* Messages...UITests */ = {
			isa = PBXGroup;
			children = (
				A825482F2082323C00E48FC8 /* Messages___UITests.swift */,
				A82548312082323C00E48FC8 /* Info.plist */,
			);
			path = Messages...UITests;
			sourceTree = "<group>";
		};
/* End PBXGroup section */

/* Begin PBXNativeTarget section */
		A82548082082323900E48FC8 /* Messages... */ = {
			isa = PBXNativeTarget;
			buildConfigurationList = A82548342082323C00E48FC8 /* Build configuration list for PBXNativeTarget "Messages..." */;
			buildPhases = (
				A82548052082323900E48FC8 /* Sources */,
				A82548062082323900E48FC8 /* Frameworks */,
				A82548072082323900E48FC8 /* Resources */,
			);
			buildRules = (
			);
			dependencies = (
			);
			name = Messages...;
			productName = Messages...;
			productReference = A82548092082323900E48FC8 /* Messages....app */;
			productType = "com.apple.product-type.application";
		};
		A825481F2082323C00E48FC8 /* Messages...Tests */ = {
			isa = PBXNativeTarget;
			buildConfigurationList = A82548372082323C00E48FC8 /* Build configuration list for PBXNativeTarget "Messages...Tests" */;
			buildPhases = (
				A825481C2082323C00E48FC8 /* Sources */,
				A825481D2082323C00E48FC8 /* Frameworks */,
				A825481E2082323C00E48FC8 /* Resources */,
			);
			buildRules = (
			);
			dependencies = (
				A82548222082323C00E48FC8 /* PBXTargetDependency */,
			);
			name = Messages...Tests;
			productName = Messages...Tests;
			productReference = A82548202082323C00E48FC8 /* Messages...Tests.xctest */;
			productType = "com.apple.product-type.bundle.unit-test";
		};
		A825482A2082323C00E48FC8 /* Messages...UITests */ = {
			isa = PBXNativeTarget;
			buildConfigurationList = A825483A2082323C00E48FC8 /* Build configuration list for PBXNativeTarget "Messages...UITests" */;
			buildPhases = (
				A82548272082323C00E48FC8 /* Sources */,
				A82548282082323C00E48FC8 /* Frameworks */,
				A82548292082323C00E48FC8 /* Resources */,
			);
			buildRules = (
			);
			dependencies = (
				A825482D2082323C00E48FC8 /* PBXTargetDependency */,
			);
			name = Messages...UITests;
			productName = Messages...UITests;
			productReference = A825482B2082323C00E48FC8 /* Messages...UITests.xctest */;
			productType = "com.apple.product-type.bundle.ui-testing";
		};
/* End PBXNativeTarget section */

/* Begin PBXProject section */
		A82548012082323900E48FC8 /* Project object */ = {
			isa = PBXProject;
			attributes = {
				LastSwiftUpdateCheck = 0930;
				LastUpgradeCheck = 0930;
				ORGANIZATIONNAME = "Montgomerys Designs";
				TargetAttributes = {
					A82548082082323900E48FC8 = {
						CreatedOnToolsVersion = 9.3;
					};
					A825481F2082323C00E48FC8 = {
						CreatedOnToolsVersion = 9.3;
						TestTargetID = A82548082082323900E48FC8;
					};
					A825482A2082323C00E48FC8 = {
						CreatedOnToolsVersion = 9.3;
						TestTargetID = A82548082082323900E48FC8;
					};
				};
			};
			buildConfigurationList = A82548042082323900E48FC8 /* Build configuration list for PBXProject "Messages..." */;
			compatibilityVersion = "Xcode 9.3";
			developmentRegion = en;
			hasScannedForEncodings = 0;
			knownRegions = (
				en,
				Base,
			);
			mainGroup = A82548002082323900E48FC8;
			productRefGroup = A825480A2082323900E48FC8 /* Products */;
			projectDirPath = "";
			projectRoot = "";
			targets = (
				A82548082082323900E48FC8 /* Messages... */,
				A825481F2082323C00E48FC8 /* Messages...Tests */,
				A825482A2082323C00E48FC8 /* Messages...UITests */,
			);
		};
/* End PBXProject section */

/* Begin PBXResourcesBuildPhase section */
		A82548072082323900E48FC8 /* Resources */ = {
			isa = PBXResourcesBuildPhase;
			buildActionMask = 2147483647;
			files = (
				A825481A2082323C00E48FC8 /* LaunchScreen.storyboard in Resources */,
				A82548172082323C00E48FC8 /* Assets.xcassets in Resources */,
				A82548122082323900E48FC8 /* Main.storyboard in Resources */,
			);
			runOnlyForDeploymentPostprocessing = 0;
		};
		A825481E2082323C00E48FC8 /* Resources */ = {
			isa = PBXResourcesBuildPhase;
			buildActionMask = 2147483647;
			files = (
			);
			runOnlyForDeploymentPostprocessing = 0;
		};
		A82548292082323C00E48FC8 /* Resources */ = {
			isa = PBXResourcesBuildPhase;
			buildActionMask = 2147483647;
			files = (
			);
			runOnlyForDeploymentPostprocessing = 0;
		};
/* End PBXResourcesBuildPhase section */

/* Begin PBXSourcesBuildPhase section */
		A82548052082323900E48FC8 /* Sources */ = {
			isa = PBXSourcesBuildPhase;
			buildActionMask = 2147483647;
			files = (
				A825480F2082323900E48FC8 /* ViewController.swift in Sources */,
				A825480D2082323900E48FC8 /* AppDelegate.swift in Sources */,
				A82548152082323900E48FC8 /* Messages___.xcdatamodeld in Sources */,
			);
			runOnlyForDeploymentPostprocessing = 0;
		};
		A825481C2082323C00E48FC8 /* Sources */ = {
			isa = PBXSourcesBuildPhase;
			buildActionMask = 2147483647;
			files = (
				A82548252082323C00E48FC8 /* Messages___Tests.swift in Sources */,
			);
			runOnlyForDeploymentPostprocessing = 0;
		};
		A82548272082323C00E48FC8 /* Sources */ = {
			isa = PBXSourcesBuildPhase;
			buildActionMask = 2147483647;
			files = (
				A82548302082323C00E48FC8 /* Messages___UITests.swift in Sources */,
			);
			runOnlyForDeploymentPostprocessing = 0;
		};
/* End PBXSourcesBuildPhase section */

/* Begin PBXTargetDependency section */
		A82548222082323C00E48FC8 /* PBXTargetDependency */ = {
			isa = PBXTargetDependency;
			target = A82548082082323900E48FC8 /* Messages... */;
			targetProxy = A82548212082323C00E48FC8 /* PBXContainerItemProxy */;
		};
		A825482D2082323C00E48FC8 /* PBXTargetDependency */ = {
			isa = PBXTargetDependency;
			target = A82548082082323900E48FC8 /* Messages... */;
			targetProxy = A825482C2082323C00E48FC8 /* PBXContainerItemProxy */;
		};
/* End PBXTargetDependency section */

/* Begin PBXVariantGroup section */
		A82548102082323900E48FC8 /* Main.storyboard */ = {
			isa = PBXVariantGroup;
			children = (
				A82548112082323900E48FC8 /* Base */,
			);
			name = Main.storyboard;
			sourceTree = "<group>";
		};
		A82548182082323C00E48FC8 /* LaunchScreen.storyboard */ = {
			isa = PBXVariantGroup;
			children = (
				A82548192082323C00E48FC8 /* Base */,
			);
			name = LaunchScreen.storyboard;
			sourceTree = "<group>";
		};
/* End PBXVariantGroup section */

/* Begin XCBuildConfiguration section */
		A82548322082323C00E48FC8 /* Debug */ = {
			isa = XCBuildConfiguration;
			buildSettings = {
				ALWAYS_SEARCH_USER_PATHS = NO;
				CLANG_ANALYZER_NONNULL = YES;
				CLANG_ANALYZER_NUMBER_OBJECT_CONVERSION = YES_AGGRESSIVE;
				CLANG_CXX_LANGUAGE_STANDARD = "gnu++14";
				CLANG_CXX_LIBRARY = "libc++";
				CLANG_ENABLE_MODULES = YES;
				CLANG_ENABLE_OBJC_ARC = YES;
				CLANG_ENABLE_OBJC_WEAK = YES;
				CLANG_WARN_BLOCK_CAPTURE_AUTORELEASING = YES;
				CLANG_WARN_BOOL_CONVERSION = YES;
				CLANG_WARN_COMMA = YES;
				CLANG_WARN_CONSTANT_CONVERSION = YES;
				CLANG_WARN_DEPRECATED_OBJC_IMPLEMENTATIONS = YES;
				CLANG_WARN_DIRECT_OBJC_ISA_USAGE = YES_ERROR;
				CLANG_WARN_DOCUMENTATION_COMMENTS = YES;
				CLANG_WARN_EMPTY_BODY = YES;
				CLANG_WARN_ENUM_CONVERSION = YES;
				CLANG_WARN_INFINITE_RECURSION = YES;
				CLANG_WARN_INT_CONVERSION = YES;
				CLANG_WARN_NON_LITERAL_NULL_CONVERSION = YES;
				CLANG_WARN_OBJC_IMPLICIT_RETAIN_SELF = YES;
				CLANG_WARN_OBJC_LITERAL_CONVERSION = YES;
				CLANG_WARN_OBJC_ROOT_CLASS = YES_ERROR;
				CLANG_WARN_RANGE_LOOP_ANALYSIS = YES;
				CLANG_WARN_STRICT_PROTOTYPES = YES;
				CLANG_WARN_SUSPICIOUS_MOVE = YES;
				CLANG_WARN_UNGUARDED_AVAILABILITY = YES_AGGRESSIVE;
				CLANG_WARN_UNREACHABLE_CODE = YES;
				CLANG_WARN__DUPLICATE_METHOD_MATCH = YES;
				CODE_SIGN_IDENTITY = "iPhone Developer";
				COPY_PHASE_STRIP = NO;
				DEBUG_INFORMATION_FORMAT = dwarf;
				ENABLE_STRICT_OBJC_MSGSEND = YES;
				ENABLE_TESTABILITY = YES;
				GCC_C_LANGUAGE_STANDARD = gnu11;
				GCC_DYNAMIC_NO_PIC = NO;
				GCC_NO_COMMON_BLOCKS = YES;
				GCC_OPTIMIZATION_LEVEL = 0;
				GCC_PREPROCESSOR_DEFINITIONS = (
					"DEBUG=1",
					"$(inherited)",
				);
				GCC_WARN_64_TO_32_BIT_CONVERSION = YES;
				GCC_WARN_ABOUT_RETURN_TYPE = YES_ERROR;
				GCC_WARN_UNDECLARED_SELECTOR = YES;
				GCC_WARN_UNINITIALIZED_AUTOS = YES_AGGRESSIVE;
				GCC_WARN_UNUSED_FUNCTION = YES;
				GCC_WARN_UNUSED_VARIABLE = YES;
				IPHONEOS_DEPLOYMENT_TARGET = 11.3;
				MTL_ENABLE_DEBUG_INFO = YES;
				ONLY_ACTIVE_ARCH = YES;
				SDKROOT = iphoneos;
				SWIFT_ACTIVE_COMPILATION_CONDITIONS = DEBUG;
				SWIFT_OPTIMIZATION_LEVEL = "-Onone";
			};
			name = Debug;
		};
		A82548332082323C00E48FC8 /* Release */ = {
			isa = XCBuildConfiguration;
			buildSettings = {
				ALWAYS_SEARCH_USER_PATHS = NO;
				CLANG_ANALYZER_NONNULL = YES;
				CLANG_ANALYZER_NUMBER_OBJECT_CONVERSION = YES_AGGRESSIVE;
				CLANG_CXX_LANGUAGE_STANDARD = "gnu++14";
				CLANG_CXX_LIBRARY = "libc++";
				CLANG_ENABLE_MODULES = YES;
				CLANG_ENABLE_OBJC_ARC = YES;
				CLANG_ENABLE_OBJC_WEAK = YES;
				CLANG_WARN_BLOCK_CAPTURE_AUTORELEASING = YES;
				CLANG_WARN_BOOL_CONVERSION = YES;
				CLANG_WARN_COMMA = YES;
				CLANG_WARN_CONSTANT_CONVERSION = YES;
				CLANG_WARN_DEPRECATED_OBJC_IMPLEMENTATIONS = YES;
				CLANG_WARN_DIRECT_OBJC_ISA_USAGE = YES_ERROR;
				CLANG_WARN_DOCUMENTATION_COMMENTS = YES;
				CLANG_WARN_EMPTY_BODY = YES;
				CLANG_WARN_ENUM_CONVERSION = YES;
				CLANG_WARN_INFINITE_RECURSION = YES;
				CLANG_WARN_INT_CONVERSION = YES;
				CLANG_WARN_NON_LITERAL_NULL_CONVERSION = YES;
				CLANG_WARN_OBJC_IMPLICIT_RETAIN_SELF = YES;
				CLANG_WARN_OBJC_LITERAL_CONVERSION = YES;
				CLANG_WARN_OBJC_ROOT_CLASS = YES_ERROR;
				CLANG_WARN_RANGE_LOOP_ANALYSIS = YES;
				CLANG_WARN_STRICT_PROTOTYPES = YES;
				CLANG_WARN_SUSPICIOUS_MOVE = YES;
				CLANG_WARN_UNGUARDED_AVAILABILITY = YES_AGGRESSIVE;
				CLANG_WARN_UNREACHABLE_CODE = YES;
				CLANG_WARN__DUPLICATE_METHOD_MATCH = YES;
				CODE_SIGN_IDENTITY = "iPhone Developer";
				COPY_PHASE_STRIP = NO;
				DEBUG_INFORMATION_FORMAT = "dwarf-with-dsym";
				ENABLE_NS_ASSERTIONS = NO;
				ENABLE_STRICT_OBJC_MSGSEND = YES;
				GCC_C_LANGUAGE_STANDARD = gnu11;
				GCC_NO_COMMON_BLOCKS = YES;
				GCC_WARN_64_TO_32_BIT_CONVERSION = YES;
				GCC_WARN_ABOUT_RETURN_TYPE = YES_ERROR;
				GCC_WARN_UNDECLARED_SELECTOR = YES;
				GCC_WARN_UNINITIALIZED_AUTOS = YES_AGGRESSIVE;
				GCC_WARN_UNUSED_FUNCTION = YES;
				GCC_WARN_UNUSED_VARIABLE = YES;
				IPHONEOS_DEPLOYMENT_TARGET = 11.3;
				MTL_ENABLE_DEBUG_INFO = NO;
				SDKROOT = iphoneos;
				SWIFT_COMPILATION_MODE = wholemodule;
				SWIFT_OPTIMIZATION_LEVEL = "-O";
				VALIDATE_PRODUCT = YES;
			};
			name = Release;
		};
		A82548352082323C00E48FC8 /* Debug */ = {
			isa = XCBuildConfiguration;
			buildSettings = {
				ASSETCATALOG_COMPILER_APPICON_NAME = AppIcon;
				CODE_SIGN_STYLE = Automatic;
				DEVELOPMENT_TEAM = JE6565LRAQ;
				INFOPLIST_FILE = Messages.../Info.plist;
				LD_RUNPATH_SEARCH_PATHS = (
					"$(inherited)",
					"@executable_path/Frameworks",
				);
				PRODUCT_BUNDLE_IDENTIFIER = "com.montgomerysdesigns.Messages---";
				PRODUCT_NAME = "$(TARGET_NAME)";
				SWIFT_VERSION = 4.0;
				TARGETED_DEVICE_FAMILY = "1,2";
			};
			name = Debug;
		};
		A82548362082323C00E48FC8 /* Release */ = {
			isa = XCBuildConfiguration;
			buildSettings = {
				ASSETCATALOG_COMPILER_APPICON_NAME = AppIcon;
				CODE_SIGN_STYLE = Automatic;
				DEVELOPMENT_TEAM = JE6565LRAQ;
				INFOPLIST_FILE = Messages.../Info.plist;
				LD_RUNPATH_SEARCH_PATHS = (
					"$(inherited)",
					"@executable_path/Frameworks",
				);
				PRODUCT_BUNDLE_IDENTIFIER = "com.montgomerysdesigns.Messages---";
				PRODUCT_NAME = "$(TARGET_NAME)";
				SWIFT_VERSION = 4.0;
				TARGETED_DEVICE_FAMILY = "1,2";
			};
			name = Release;
		};
		A82548382082323C00E48FC8 /* Debug */ = {
			isa = XCBuildConfiguration;
			buildSettings = {
				ALWAYS_EMBED_SWIFT_STANDARD_LIBRARIES = YES;
				BUNDLE_LOADER = "$(TEST_HOST)";
				CODE_SIGN_STYLE = Automatic;
				DEVELOPMENT_TEAM = JE6565LRAQ;
				INFOPLIST_FILE = Messages...Tests/Info.plist;
				LD_RUNPATH_SEARCH_PATHS = (
					"$(inherited)",
					"@executable_path/Frameworks",
					"@loader_path/Frameworks",
				);
				PRODUCT_BUNDLE_IDENTIFIER = "com.montgomerysdesigns.Messages---Tests";
				PRODUCT_NAME = "$(TARGET_NAME)";
				SWIFT_VERSION = 4.0;
				TARGETED_DEVICE_FAMILY = "1,2";
				TEST_HOST = "$(BUILT_PRODUCTS_DIR)/Messages....app/Messages...";
			};
			name = Debug;
		};
		A82548392082323C00E48FC8 /* Release */ = {
			isa = XCBuildConfiguration;
			buildSettings = {
				ALWAYS_EMBED_SWIFT_STANDARD_LIBRARIES = YES;
				BUNDLE_LOADER = "$(TEST_HOST)";
				CODE_SIGN_STYLE = Automatic;
				DEVELOPMENT_TEAM = JE6565LRAQ;
				INFOPLIST_FILE = Messages...Tests/Info.plist;
				LD_RUNPATH_SEARCH_PATHS = (
					"$(inherited)",
					"@executable_path/Frameworks",
					"@loader_path/Frameworks",
				);
				PRODUCT_BUNDLE_IDENTIFIER = "com.montgomerysdesigns.Messages---Tests";
				PRODUCT_NAME = "$(TARGET_NAME)";
				SWIFT_VERSION = 4.0;
				TARGETED_DEVICE_FAMILY = "1,2";
				TEST_HOST = "$(BUILT_PRODUCTS_DIR)/Messages....app/Messages...";
			};
			name = Release;
		};
		A825483B2082323C00E48FC8 /* Debug */ = {
			isa = XCBuildConfiguration;
			buildSettings = {
				ALWAYS_EMBED_SWIFT_STANDARD_LIBRARIES = YES;
				CODE_SIGN_STYLE = Automatic;
				DEVELOPMENT_TEAM = JE6565LRAQ;
				INFOPLIST_FILE = Messages...UITests/Info.plist;
				LD_RUNPATH_SEARCH_PATHS = (
					"$(inherited)",
					"@executable_path/Frameworks",
					"@loader_path/Frameworks",
				);
				PRODUCT_BUNDLE_IDENTIFIER = "com.montgomerysdesigns.Messages---UITests";
				PRODUCT_NAME = "$(TARGET_NAME)";
				SWIFT_VERSION = 4.0;
				TARGETED_DEVICE_FAMILY = "1,2";
				TEST_TARGET_NAME = Messages...;
			};
			name = Debug;
		};
		A825483C2082323C00E48FC8 /* Release */ = {
			isa = XCBuildConfiguration;
			buildSettings = {
				ALWAYS_EMBED_SWIFT_STANDARD_LIBRARIES = YES;
				CODE_SIGN_STYLE = Automatic;
				DEVELOPMENT_TEAM = JE6565LRAQ;
				INFOPLIST_FILE = Messages...UITests/Info.plist;
				LD_RUNPATH_SEARCH_PATHS = (
					"$(inherited)",
					"@executable_path/Frameworks",
					"@loader_path/Frameworks",
				);
				PRODUCT_BUNDLE_IDENTIFIER = "com.montgomerysdesigns.Messages---UITests";
				PRODUCT_NAME = "$(TARGET_NAME)";
				SWIFT_VERSION = 4.0;
				TARGETED_DEVICE_FAMILY = "1,2";
				TEST_TARGET_NAME = Messages...;
			};
			name = Release;
		};
/* End XCBuildConfiguration section */

/* Begin XCConfigurationList section */
		A82548042082323900E48FC8 /* Build configuration list for PBXProject "Messages..." */ = {
			isa = XCConfigurationList;
			buildConfigurations = (
				A82548322082323C00E48FC8 /* Debug */,
				A82548332082323C00E48FC8 /* Release */,
			);
			defaultConfigurationIsVisible = 0;
			defaultConfigurationName = Release;
		};
		A82548342082323C00E48FC8 /* Build configuration list for PBXNativeTarget "Messages..." */ = {
			isa = XCConfigurationList;
			buildConfigurations = (
				A82548352082323C00E48FC8 /* Debug */,
				A82548362082323C00E48FC8 /* Release */,
			);
			defaultConfigurationIsVisible = 0;
			defaultConfigurationName = Release;
		};
		A82548372082323C00E48FC8 /* Build configuration list for PBXNativeTarget "Messages...Tests" */ = {
			isa = XCConfigurationList;
			buildConfigurations = (
				A82548382082323C00E48FC8 /* Debug */,
				A82548392082323C00E48FC8 /* Release */,
			);
			defaultConfigurationIsVisible = 0;
			defaultConfigurationName = Release;
		};
		A825483A2082323C00E48FC8 /* Build configuration list for PBXNativeTarget "Messages...UITests" */ = {
			isa = XCConfigurationList;
			buildConfigurations = (
				A825483B2082323C00E48FC8 /* Debug */,
				A825483C2082323C00E48FC8 /* Release */,
			);
			defaultConfigurationIsVisible = 0;
			defaultConfigurationName = Release;
		};
/* End XCConfigurationList section */

/* Begin XCVersionGroup section */
		A82548132082323900E48FC8 /* Messages___.xcdatamodeld */ = {
			isa = XCVersionGroup;
			children = (
				A82548142082323900E48FC8 /* Messages___.xcdatamodel */,
			);
			currentVersion = A82548142082323900E48FC8 /* Messages___.xcdatamodel */;
			path = "Messages___.xcdatamodeld";
			sourceTree = "<group>";
			versionGroupType = wrapper.xcdatamodel;
		};
/* End XCVersionGroup section */
	};
	rootObject = A82548012082323900E48FC8 /* Project object */;
}
